
Microsoft Visual Studio Solution File, Format Version 12.00
# Visual Studio Version 17
VisualStudioVersion = 17.9.34728.123
MinimumVisualStudioVersion = 10.0.40219.1
Project("{FAE04EC0-301F-11D3-BF4B-00C04F79EFBC}") = "WinFormsApp1", "WinFormsApp1\WinFormsApp1.csproj", "{0FD4D806-5B17-45BC-8DF3-32C8B4BB60CB}"
EndProject
Global
	GlobalSection(SolutionConfigurationPlatforms) = preSolution
		Debug|Any CPU = Debug|Any CPU
		Release|Any CPU = Release|Any CPU
	EndGlobalSection
	GlobalSection(ProjectConfigurationPlatforms) = postSolution
		{0FD4D806-5B17-45BC-8DF3-32C8B4BB60CB}.Debug|Any CPU.ActiveCfg = Debug|Any CPU
		{0FD4D806-5B17-45BC-8DF3-32C8B4BB60CB}.Debug|Any CPU.Build.0 = Debug|Any CPU
		{0FD4D806-5B17-45BC-8DF3-32C8B4BB60CB}.Release|Any CPU.ActiveCfg = Release|Any CPU
		{0FD4D806-5B17-45BC-8DF3-32C8B4BB60CB}.Release|Any CPU.Build.0 = Release|Any CPU
	EndGlobalSection
	GlobalSection(SolutionProperties) = preSolution
		HideSolutionNode = FALSE
	EndGlobalSection
	GlobalSection(ExtensibilityGlobals) = postSolution
		SolutionGuid = {349BC8B3-6B67-46EB-9A6E-82C11D8BD65D}
	EndGlobalSection
EndGlobal
