
Microsoft Visual Studio Solution File, Format Version 12.00
# Visual Studio Version 17
VisualStudioVersion = 17.9.34728.123
MinimumVisualStudioVersion = 10.0.40219.1
Project("{FAE04EC0-301F-11D3-BF4B-00C04F79EFBC}") = "TuristyDAL", "task1\TuristyDAL.csproj", "{5FC40ABF-466B-48DC-B95F-6DC44B3313E5}"
EndProject
Global
	GlobalSection(SolutionConfigurationPlatforms) = preSolution
		Debug|Any CPU = Debug|Any CPU
		Release|Any CPU = Release|Any CPU
	EndGlobalSection
	GlobalSection(ProjectConfigurationPlatforms) = postSolution
		{5FC40ABF-466B-48DC-B95F-6DC44B3313E5}.Debug|Any CPU.ActiveCfg = Debug|Any CPU
		{5FC40ABF-466B-48DC-B95F-6DC44B3313E5}.Debug|Any CPU.Build.0 = Debug|Any CPU
		{5FC40ABF-466B-48DC-B95F-6DC44B3313E5}.Release|Any CPU.ActiveCfg = Release|Any CPU
		{5FC40ABF-466B-48DC-B95F-6DC44B3313E5}.Release|Any CPU.Build.0 = Release|Any CPU
	EndGlobalSection
	GlobalSection(SolutionProperties) = preSolution
		HideSolutionNode = FALSE
	EndGlobalSection
	GlobalSection(ExtensibilityGlobals) = postSolution
		SolutionGuid = {2AF642F1-BB15-47FB-8CF1-6A66C5BB64D8}
	EndGlobalSection
EndGlobal
