
Microsoft Visual Studio Solution File, Format Version 12.00
# Visual Studio Version 17
VisualStudioVersion = 17.7.34031.279
MinimumVisualStudioVersion = 10.0.40219.1
Project("{FAE04EC0-301F-11D3-BF4B-00C04F79EFBC}") = "task1", "task1\task1.csproj", "{0F89C7EE-C7F4-4C08-926A-2F703C97E1C8}"
EndProject
Project("{FAE04EC0-301F-11D3-BF4B-00C04F79EFBC}") = "task2", "task2\task2.csproj", "{DAEDA4E8-00D9-4038-9778-61B262CD8C6A}"
EndProject
Project("{FAE04EC0-301F-11D3-BF4B-00C04F79EFBC}") = "task3", "task3\task3.csproj", "{F6C0A89B-B5FB-4078-B5D1-056EF1E2A95E}"
EndProject
Project("{FAE04EC0-301F-11D3-BF4B-00C04F79EFBC}") = "task4", "task4\task4.csproj", "{46D11D89-417E-4F01-8B08-D7BB790B3B73}"
EndProject
Project("{FAE04EC0-301F-11D3-BF4B-00C04F79EFBC}") = "task4.2", "task4.2\task4.2.csproj", "{6436BAC2-752F-4933-9933-C7E904DE23A2}"
EndProject
Project("{FAE04EC0-301F-11D3-BF4B-00C04F79EFBC}") = "task4.3", "task4.3\task4.3.csproj", "{7D731CD3-AA68-445A-892E-C4A16D42862A}"
EndProject
Project("{FAE04EC0-301F-11D3-BF4B-00C04F79EFBC}") = "task5", "task5\task5.csproj", "{5C3C2D97-7DA2-4726-9D8E-F2B483D58F0E}"
EndProject
Project("{FAE04EC0-301F-11D3-BF4B-00C04F79EFBC}") = "task6", "task6\task6.csproj", "{87CCBA3C-BF3F-461E-9E3C-33F87E6ED399}"
EndProject
Project("{FAE04EC0-301F-11D3-BF4B-00C04F79EFBC}") = "task7", "task7\task7.csproj", "{751790E3-9891-4172-BDD9-D1B1563610E7}"
EndProject
Global
	GlobalSection(SolutionConfigurationPlatforms) = preSolution
		Debug|Any CPU = Debug|Any CPU
		Release|Any CPU = Release|Any CPU
	EndGlobalSection
	GlobalSection(ProjectConfigurationPlatforms) = postSolution
		{0F89C7EE-C7F4-4C08-926A-2F703C97E1C8}.Debug|Any CPU.ActiveCfg = Debug|Any CPU
		{0F89C7EE-C7F4-4C08-926A-2F703C97E1C8}.Debug|Any CPU.Build.0 = Debug|Any CPU
		{0F89C7EE-C7F4-4C08-926A-2F703C97E1C8}.Release|Any CPU.ActiveCfg = Release|Any CPU
		{0F89C7EE-C7F4-4C08-926A-2F703C97E1C8}.Release|Any CPU.Build.0 = Release|Any CPU
		{DAEDA4E8-00D9-4038-9778-61B262CD8C6A}.Debug|Any CPU.ActiveCfg = Debug|Any CPU
		{DAEDA4E8-00D9-4038-9778-61B262CD8C6A}.Debug|Any CPU.Build.0 = Debug|Any CPU
		{DAEDA4E8-00D9-4038-9778-61B262CD8C6A}.Release|Any CPU.ActiveCfg = Release|Any CPU
		{DAEDA4E8-00D9-4038-9778-61B262CD8C6A}.Release|Any CPU.Build.0 = Release|Any CPU
		{F6C0A89B-B5FB-4078-B5D1-056EF1E2A95E}.Debug|Any CPU.ActiveCfg = Debug|Any CPU
		{F6C0A89B-B5FB-4078-B5D1-056EF1E2A95E}.Debug|Any CPU.Build.0 = Debug|Any CPU
		{F6C0A89B-B5FB-4078-B5D1-056EF1E2A95E}.Release|Any CPU.ActiveCfg = Release|Any CPU
		{F6C0A89B-B5FB-4078-B5D1-056EF1E2A95E}.Release|Any CPU.Build.0 = Release|Any CPU
		{46D11D89-417E-4F01-8B08-D7BB790B3B73}.Debug|Any CPU.ActiveCfg = Debug|Any CPU
		{46D11D89-417E-4F01-8B08-D7BB790B3B73}.Debug|Any CPU.Build.0 = Debug|Any CPU
		{46D11D89-417E-4F01-8B08-D7BB790B3B73}.Release|Any CPU.ActiveCfg = Release|Any CPU
		{46D11D89-417E-4F01-8B08-D7BB790B3B73}.Release|Any CPU.Build.0 = Release|Any CPU
		{6436BAC2-752F-4933-9933-C7E904DE23A2}.Debug|Any CPU.ActiveCfg = Debug|Any CPU
		{6436BAC2-752F-4933-9933-C7E904DE23A2}.Debug|Any CPU.Build.0 = Debug|Any CPU
		{6436BAC2-752F-4933-9933-C7E904DE23A2}.Release|Any CPU.ActiveCfg = Release|Any CPU
		{6436BAC2-752F-4933-9933-C7E904DE23A2}.Release|Any CPU.Build.0 = Release|Any CPU
		{7D731CD3-AA68-445A-892E-C4A16D42862A}.Debug|Any CPU.ActiveCfg = Debug|Any CPU
		{7D731CD3-AA68-445A-892E-C4A16D42862A}.Debug|Any CPU.Build.0 = Debug|Any CPU
		{7D731CD3-AA68-445A-892E-C4A16D42862A}.Release|Any CPU.ActiveCfg = Release|Any CPU
		{7D731CD3-AA68-445A-892E-C4A16D42862A}.Release|Any CPU.Build.0 = Release|Any CPU
		{5C3C2D97-7DA2-4726-9D8E-F2B483D58F0E}.Debug|Any CPU.ActiveCfg = Debug|Any CPU
		{5C3C2D97-7DA2-4726-9D8E-F2B483D58F0E}.Debug|Any CPU.Build.0 = Debug|Any CPU
		{5C3C2D97-7DA2-4726-9D8E-F2B483D58F0E}.Release|Any CPU.ActiveCfg = Release|Any CPU
		{5C3C2D97-7DA2-4726-9D8E-F2B483D58F0E}.Release|Any CPU.Build.0 = Release|Any CPU
		{87CCBA3C-BF3F-461E-9E3C-33F87E6ED399}.Debug|Any CPU.ActiveCfg = Debug|Any CPU
		{87CCBA3C-BF3F-461E-9E3C-33F87E6ED399}.Debug|Any CPU.Build.0 = Debug|Any CPU
		{87CCBA3C-BF3F-461E-9E3C-33F87E6ED399}.Release|Any CPU.ActiveCfg = Release|Any CPU
		{87CCBA3C-BF3F-461E-9E3C-33F87E6ED399}.Release|Any CPU.Build.0 = Release|Any CPU
		{751790E3-9891-4172-BDD9-D1B1563610E7}.Debug|Any CPU.ActiveCfg = Debug|Any CPU
		{751790E3-9891-4172-BDD9-D1B1563610E7}.Debug|Any CPU.Build.0 = Debug|Any CPU
		{751790E3-9891-4172-BDD9-D1B1563610E7}.Release|Any CPU.ActiveCfg = Release|Any CPU
		{751790E3-9891-4172-BDD9-D1B1563610E7}.Release|Any CPU.Build.0 = Release|Any CPU
	EndGlobalSection
	GlobalSection(SolutionProperties) = preSolution
		HideSolutionNode = FALSE
	EndGlobalSection
	GlobalSection(ExtensibilityGlobals) = postSolution
		SolutionGuid = {A94EE907-C13F-436C-B4A2-197A2FDE27C6}
	EndGlobalSection
EndGlobal
