
Microsoft Visual Studio Solution File, Format Version 12.00
# Visual Studio Version 17
VisualStudioVersion = 17.7.34031.279
MinimumVisualStudioVersion = 10.0.40219.1
Project("{FAE04EC0-301F-11D3-BF4B-00C04F79EFBC}") = "task1", "task1\task1.csproj", "{4F76A26D-74B9-4C8F-B6D3-FFEE14355AB2}"
EndProject
Project("{FAE04EC0-301F-11D3-BF4B-00C04F79EFBC}") = "task2", "task2\task2.csproj", "{2A917314-D356-4E23-A5DE-9730F41A53BD}"
EndProject
Project("{FAE04EC0-301F-11D3-BF4B-00C04F79EFBC}") = "task3", "task3\task3.csproj", "{E10E0CF9-4C43-4A13-97B0-5A34AB26690C}"
EndProject
Project("{FAE04EC0-301F-11D3-BF4B-00C04F79EFBC}") = "task4", "task4\task4.csproj", "{DB5DF895-7A42-42FE-8EC0-0D847275E6B8}"
EndProject
Global
	GlobalSection(SolutionConfigurationPlatforms) = preSolution
		Debug|Any CPU = Debug|Any CPU
		Release|Any CPU = Release|Any CPU
	EndGlobalSection
	GlobalSection(ProjectConfigurationPlatforms) = postSolution
		{4F76A26D-74B9-4C8F-B6D3-FFEE14355AB2}.Debug|Any CPU.ActiveCfg = Debug|Any CPU
		{4F76A26D-74B9-4C8F-B6D3-FFEE14355AB2}.Debug|Any CPU.Build.0 = Debug|Any CPU
		{4F76A26D-74B9-4C8F-B6D3-FFEE14355AB2}.Release|Any CPU.ActiveCfg = Release|Any CPU
		{4F76A26D-74B9-4C8F-B6D3-FFEE14355AB2}.Release|Any CPU.Build.0 = Release|Any CPU
		{2A917314-D356-4E23-A5DE-9730F41A53BD}.Debug|Any CPU.ActiveCfg = Debug|Any CPU
		{2A917314-D356-4E23-A5DE-9730F41A53BD}.Debug|Any CPU.Build.0 = Debug|Any CPU
		{2A917314-D356-4E23-A5DE-9730F41A53BD}.Release|Any CPU.ActiveCfg = Release|Any CPU
		{2A917314-D356-4E23-A5DE-9730F41A53BD}.Release|Any CPU.Build.0 = Release|Any CPU
		{E10E0CF9-4C43-4A13-97B0-5A34AB26690C}.Debug|Any CPU.ActiveCfg = Debug|Any CPU
		{E10E0CF9-4C43-4A13-97B0-5A34AB26690C}.Debug|Any CPU.Build.0 = Debug|Any CPU
		{E10E0CF9-4C43-4A13-97B0-5A34AB26690C}.Release|Any CPU.ActiveCfg = Release|Any CPU
		{E10E0CF9-4C43-4A13-97B0-5A34AB26690C}.Release|Any CPU.Build.0 = Release|Any CPU
		{DB5DF895-7A42-42FE-8EC0-0D847275E6B8}.Debug|Any CPU.ActiveCfg = Debug|Any CPU
		{DB5DF895-7A42-42FE-8EC0-0D847275E6B8}.Debug|Any CPU.Build.0 = Debug|Any CPU
		{DB5DF895-7A42-42FE-8EC0-0D847275E6B8}.Release|Any CPU.ActiveCfg = Release|Any CPU
		{DB5DF895-7A42-42FE-8EC0-0D847275E6B8}.Release|Any CPU.Build.0 = Release|Any CPU
	EndGlobalSection
	GlobalSection(SolutionProperties) = preSolution
		HideSolutionNode = FALSE
	EndGlobalSection
	GlobalSection(ExtensibilityGlobals) = postSolution
		SolutionGuid = {35D65072-77BD-411F-B46C-AE52D2A413AF}
	EndGlobalSection
EndGlobal
