
Microsoft Visual Studio Solution File, Format Version 12.00
# Visual Studio Version 17
VisualStudioVersion = 17.9.34728.123
MinimumVisualStudioVersion = 10.0.40219.1
Project("{FAE04EC0-301F-11D3-BF4B-00C04F79EFBC}") = "task1", "task1\task1.csproj", "{2A788B91-271D-405B-B3EE-9D424E8E7D13}"
EndProject
Project("{FAE04EC0-301F-11D3-BF4B-00C04F79EFBC}") = "task2", "task2\task2.csproj", "{366D3529-2D31-4619-95D9-50F248307703}"
EndProject
Project("{FAE04EC0-301F-11D3-BF4B-00C04F79EFBC}") = "task3", "task3\task3.csproj", "{4C5D310E-8150-428B-A670-006F987869DF}"
EndProject
Project("{FAE04EC0-301F-11D3-BF4B-00C04F79EFBC}") = "task4", "task4\task4.csproj", "{0B75E2A5-69D0-4FAC-B558-F091027849C1}"
EndProject
Project("{FAE04EC0-301F-11D3-BF4B-00C04F79EFBC}") = "task5", "task5\task5.csproj", "{A437C6B3-6F91-4427-AE53-92F6E78E6B45}"
EndProject
Project("{FAE04EC0-301F-11D3-BF4B-00C04F79EFBC}") = "task6", "task6\task6.csproj", "{84DF73CD-DB92-4FC2-B04A-E29D578E84C0}"
EndProject
Project("{FAE04EC0-301F-11D3-BF4B-00C04F79EFBC}") = "task7", "task7\task7.csproj", "{52F228B8-D6A3-42E9-BB84-0FC0AD00651A}"
EndProject
Global
	GlobalSection(SolutionConfigurationPlatforms) = preSolution
		Debug|Any CPU = Debug|Any CPU
		Release|Any CPU = Release|Any CPU
	EndGlobalSection
	GlobalSection(ProjectConfigurationPlatforms) = postSolution
		{2A788B91-271D-405B-B3EE-9D424E8E7D13}.Debug|Any CPU.ActiveCfg = Debug|Any CPU
		{2A788B91-271D-405B-B3EE-9D424E8E7D13}.Debug|Any CPU.Build.0 = Debug|Any CPU
		{2A788B91-271D-405B-B3EE-9D424E8E7D13}.Release|Any CPU.ActiveCfg = Release|Any CPU
		{2A788B91-271D-405B-B3EE-9D424E8E7D13}.Release|Any CPU.Build.0 = Release|Any CPU
		{366D3529-2D31-4619-95D9-50F248307703}.Debug|Any CPU.ActiveCfg = Debug|Any CPU
		{366D3529-2D31-4619-95D9-50F248307703}.Debug|Any CPU.Build.0 = Debug|Any CPU
		{366D3529-2D31-4619-95D9-50F248307703}.Release|Any CPU.ActiveCfg = Release|Any CPU
		{366D3529-2D31-4619-95D9-50F248307703}.Release|Any CPU.Build.0 = Release|Any CPU
		{4C5D310E-8150-428B-A670-006F987869DF}.Debug|Any CPU.ActiveCfg = Debug|Any CPU
		{4C5D310E-8150-428B-A670-006F987869DF}.Debug|Any CPU.Build.0 = Debug|Any CPU
		{4C5D310E-8150-428B-A670-006F987869DF}.Release|Any CPU.ActiveCfg = Release|Any CPU
		{4C5D310E-8150-428B-A670-006F987869DF}.Release|Any CPU.Build.0 = Release|Any CPU
		{0B75E2A5-69D0-4FAC-B558-F091027849C1}.Debug|Any CPU.ActiveCfg = Debug|Any CPU
		{0B75E2A5-69D0-4FAC-B558-F091027849C1}.Debug|Any CPU.Build.0 = Debug|Any CPU
		{0B75E2A5-69D0-4FAC-B558-F091027849C1}.Release|Any CPU.ActiveCfg = Release|Any CPU
		{0B75E2A5-69D0-4FAC-B558-F091027849C1}.Release|Any CPU.Build.0 = Release|Any CPU
		{A437C6B3-6F91-4427-AE53-92F6E78E6B45}.Debug|Any CPU.ActiveCfg = Debug|Any CPU
		{A437C6B3-6F91-4427-AE53-92F6E78E6B45}.Debug|Any CPU.Build.0 = Debug|Any CPU
		{A437C6B3-6F91-4427-AE53-92F6E78E6B45}.Release|Any CPU.ActiveCfg = Release|Any CPU
		{A437C6B3-6F91-4427-AE53-92F6E78E6B45}.Release|Any CPU.Build.0 = Release|Any CPU
		{84DF73CD-DB92-4FC2-B04A-E29D578E84C0}.Debug|Any CPU.ActiveCfg = Debug|Any CPU
		{84DF73CD-DB92-4FC2-B04A-E29D578E84C0}.Debug|Any CPU.Build.0 = Debug|Any CPU
		{84DF73CD-DB92-4FC2-B04A-E29D578E84C0}.Release|Any CPU.ActiveCfg = Release|Any CPU
		{84DF73CD-DB92-4FC2-B04A-E29D578E84C0}.Release|Any CPU.Build.0 = Release|Any CPU
		{52F228B8-D6A3-42E9-BB84-0FC0AD00651A}.Debug|Any CPU.ActiveCfg = Debug|Any CPU
		{52F228B8-D6A3-42E9-BB84-0FC0AD00651A}.Debug|Any CPU.Build.0 = Debug|Any CPU
		{52F228B8-D6A3-42E9-BB84-0FC0AD00651A}.Release|Any CPU.ActiveCfg = Release|Any CPU
		{52F228B8-D6A3-42E9-BB84-0FC0AD00651A}.Release|Any CPU.Build.0 = Release|Any CPU
	EndGlobalSection
	GlobalSection(SolutionProperties) = preSolution
		HideSolutionNode = FALSE
	EndGlobalSection
	GlobalSection(ExtensibilityGlobals) = postSolution
		SolutionGuid = {35ACAD09-847D-4F54-B8DE-244953E6B630}
	EndGlobalSection
EndGlobal
