
Microsoft Visual Studio Solution File, Format Version 12.00
# Visual Studio Version 17
VisualStudioVersion = 17.9.34728.123
MinimumVisualStudioVersion = 10.0.40219.1
Project("{FAE04EC0-301F-11D3-BF4B-00C04F79EFBC}") = "task1", "task1\task1.csproj", "{4DB77598-A01D-4CFC-902A-FC18895A6096}"
EndProject
Project("{FAE04EC0-301F-11D3-BF4B-00C04F79EFBC}") = "task2", "task2\task2.csproj", "{34CFFF6D-7298-4220-9C78-3C6DF2AC34CD}"
EndProject
Global
	GlobalSection(SolutionConfigurationPlatforms) = preSolution
		Debug|Any CPU = Debug|Any CPU
		Release|Any CPU = Release|Any CPU
	EndGlobalSection
	GlobalSection(ProjectConfigurationPlatforms) = postSolution
		{4DB77598-A01D-4CFC-902A-FC18895A6096}.Debug|Any CPU.ActiveCfg = Debug|Any CPU
		{4DB77598-A01D-4CFC-902A-FC18895A6096}.Debug|Any CPU.Build.0 = Debug|Any CPU
		{4DB77598-A01D-4CFC-902A-FC18895A6096}.Release|Any CPU.ActiveCfg = Release|Any CPU
		{4DB77598-A01D-4CFC-902A-FC18895A6096}.Release|Any CPU.Build.0 = Release|Any CPU
		{34CFFF6D-7298-4220-9C78-3C6DF2AC34CD}.Debug|Any CPU.ActiveCfg = Debug|Any CPU
		{34CFFF6D-7298-4220-9C78-3C6DF2AC34CD}.Debug|Any CPU.Build.0 = Debug|Any CPU
		{34CFFF6D-7298-4220-9C78-3C6DF2AC34CD}.Release|Any CPU.ActiveCfg = Release|Any CPU
		{34CFFF6D-7298-4220-9C78-3C6DF2AC34CD}.Release|Any CPU.Build.0 = Release|Any CPU
	EndGlobalSection
	GlobalSection(SolutionProperties) = preSolution
		HideSolutionNode = FALSE
	EndGlobalSection
	GlobalSection(ExtensibilityGlobals) = postSolution
		SolutionGuid = {6D2209BC-F8B1-4239-BF6D-0AC57EBFF2A6}
	EndGlobalSection
EndGlobal
