
Microsoft Visual Studio Solution File, Format Version 12.00
# Visual Studio Version 17
VisualStudioVersion = 17.9.34728.123
MinimumVisualStudioVersion = 10.0.40219.1
Project("{FAE04EC0-301F-11D3-BF4B-00C04F79EFBC}") = "task1", "task1\task1.csproj", "{8662606C-1354-4093-B9A3-166066C35BCD}"
EndProject
Project("{FAE04EC0-301F-11D3-BF4B-00C04F79EFBC}") = "task2", "task2\task2.csproj", "{EA431890-115C-4CD0-A40F-50593EC537DD}"
EndProject
Global
	GlobalSection(SolutionConfigurationPlatforms) = preSolution
		Debug|Any CPU = Debug|Any CPU
		Release|Any CPU = Release|Any CPU
	EndGlobalSection
	GlobalSection(ProjectConfigurationPlatforms) = postSolution
		{8662606C-1354-4093-B9A3-166066C35BCD}.Debug|Any CPU.ActiveCfg = Debug|Any CPU
		{8662606C-1354-4093-B9A3-166066C35BCD}.Debug|Any CPU.Build.0 = Debug|Any CPU
		{8662606C-1354-4093-B9A3-166066C35BCD}.Release|Any CPU.ActiveCfg = Release|Any CPU
		{8662606C-1354-4093-B9A3-166066C35BCD}.Release|Any CPU.Build.0 = Release|Any CPU
		{EA431890-115C-4CD0-A40F-50593EC537DD}.Debug|Any CPU.ActiveCfg = Debug|Any CPU
		{EA431890-115C-4CD0-A40F-50593EC537DD}.Debug|Any CPU.Build.0 = Debug|Any CPU
		{EA431890-115C-4CD0-A40F-50593EC537DD}.Release|Any CPU.ActiveCfg = Release|Any CPU
		{EA431890-115C-4CD0-A40F-50593EC537DD}.Release|Any CPU.Build.0 = Release|Any CPU
	EndGlobalSection
	GlobalSection(SolutionProperties) = preSolution
		HideSolutionNode = FALSE
	EndGlobalSection
	GlobalSection(ExtensibilityGlobals) = postSolution
		SolutionGuid = {92B8FACB-6015-438B-AFB4-286368322710}
	EndGlobalSection
EndGlobal
