
Microsoft Visual Studio Solution File, Format Version 12.00
# Visual Studio Version 17
VisualStudioVersion = 17.9.34728.123
MinimumVisualStudioVersion = 10.0.40219.1
Project("{FAE04EC0-301F-11D3-BF4B-00C04F79EFBC}") = "task1", "task1\task1.csproj", "{6A52C275-ECE7-4B57-A496-2243DDDFFA56}"
EndProject
Global
	GlobalSection(SolutionConfigurationPlatforms) = preSolution
		Debug|Any CPU = Debug|Any CPU
		Release|Any CPU = Release|Any CPU
	EndGlobalSection
	GlobalSection(ProjectConfigurationPlatforms) = postSolution
		{6A52C275-ECE7-4B57-A496-2243DDDFFA56}.Debug|Any CPU.ActiveCfg = Debug|Any CPU
		{6A52C275-ECE7-4B57-A496-2243DDDFFA56}.Debug|Any CPU.Build.0 = Debug|Any CPU
		{6A52C275-ECE7-4B57-A496-2243DDDFFA56}.Release|Any CPU.ActiveCfg = Release|Any CPU
		{6A52C275-ECE7-4B57-A496-2243DDDFFA56}.Release|Any CPU.Build.0 = Release|Any CPU
	EndGlobalSection
	GlobalSection(SolutionProperties) = preSolution
		HideSolutionNode = FALSE
	EndGlobalSection
	GlobalSection(ExtensibilityGlobals) = postSolution
		SolutionGuid = {3B1D9CF8-234E-4F63-9CC9-79B5590D8169}
	EndGlobalSection
EndGlobal
