
Microsoft Visual Studio Solution File, Format Version 12.00
# Visual Studio Version 17
VisualStudioVersion = 17.7.34031.279
MinimumVisualStudioVersion = 10.0.40219.1
Project("{FAE04EC0-301F-11D3-BF4B-00C04F79EFBC}") = "task1", "task1\task1.csproj", "{58AF5976-FF55-4171-8061-CBF331622764}"
EndProject
Project("{FAE04EC0-301F-11D3-BF4B-00C04F79EFBC}") = "task2", "task2\task2.csproj", "{86D57BDF-3E05-4E71-A807-AC5A4E134966}"
EndProject
Project("{FAE04EC0-301F-11D3-BF4B-00C04F79EFBC}") = "task3", "task3\task3.csproj", "{DA23610E-0B6F-4F98-B217-09FC8C599594}"
EndProject
Global
	GlobalSection(SolutionConfigurationPlatforms) = preSolution
		Debug|Any CPU = Debug|Any CPU
		Release|Any CPU = Release|Any CPU
	EndGlobalSection
	GlobalSection(ProjectConfigurationPlatforms) = postSolution
		{58AF5976-FF55-4171-8061-CBF331622764}.Debug|Any CPU.ActiveCfg = Debug|Any CPU
		{58AF5976-FF55-4171-8061-CBF331622764}.Debug|Any CPU.Build.0 = Debug|Any CPU
		{58AF5976-FF55-4171-8061-CBF331622764}.Release|Any CPU.ActiveCfg = Release|Any CPU
		{58AF5976-FF55-4171-8061-CBF331622764}.Release|Any CPU.Build.0 = Release|Any CPU
		{86D57BDF-3E05-4E71-A807-AC5A4E134966}.Debug|Any CPU.ActiveCfg = Debug|Any CPU
		{86D57BDF-3E05-4E71-A807-AC5A4E134966}.Debug|Any CPU.Build.0 = Debug|Any CPU
		{86D57BDF-3E05-4E71-A807-AC5A4E134966}.Release|Any CPU.ActiveCfg = Release|Any CPU
		{86D57BDF-3E05-4E71-A807-AC5A4E134966}.Release|Any CPU.Build.0 = Release|Any CPU
		{DA23610E-0B6F-4F98-B217-09FC8C599594}.Debug|Any CPU.ActiveCfg = Debug|Any CPU
		{DA23610E-0B6F-4F98-B217-09FC8C599594}.Debug|Any CPU.Build.0 = Debug|Any CPU
		{DA23610E-0B6F-4F98-B217-09FC8C599594}.Release|Any CPU.ActiveCfg = Release|Any CPU
		{DA23610E-0B6F-4F98-B217-09FC8C599594}.Release|Any CPU.Build.0 = Release|Any CPU
	EndGlobalSection
	GlobalSection(SolutionProperties) = preSolution
		HideSolutionNode = FALSE
	EndGlobalSection
	GlobalSection(ExtensibilityGlobals) = postSolution
		SolutionGuid = {FE0C0675-6D64-4BF7-A9ED-F6FD400AD7F2}
	EndGlobalSection
EndGlobal
