
Microsoft Visual Studio Solution File, Format Version 12.00
# Visual Studio Version 17
VisualStudioVersion = 17.9.34728.123
MinimumVisualStudioVersion = 10.0.40219.1
Project("{9A19103F-16F7-4668-BE54-9A1E7A4F7556}") = "task1", "task1\task1.csproj", "{C38DB600-5D95-4990-A941-09EB0499D72B}"
EndProject
Project("{FAE04EC0-301F-11D3-BF4B-00C04F79EFBC}") = "task2", "task2\task2.csproj", "{55DB795A-31FC-4026-9388-78B8EE6B051D}"
EndProject
Project("{FAE04EC0-301F-11D3-BF4B-00C04F79EFBC}") = "task3", "task3\task3.csproj", "{4F993DEC-3AB0-4D6D-A595-CFDF73B9ED89}"
EndProject
Project("{FAE04EC0-301F-11D3-BF4B-00C04F79EFBC}") = "task4", "task4\task4.csproj", "{FEED5085-BF2A-4125-ADF1-787419C36426}"
EndProject
Global
	GlobalSection(SolutionConfigurationPlatforms) = preSolution
		Debug|Any CPU = Debug|Any CPU
		Release|Any CPU = Release|Any CPU
	EndGlobalSection
	GlobalSection(ProjectConfigurationPlatforms) = postSolution
		{C38DB600-5D95-4990-A941-09EB0499D72B}.Debug|Any CPU.ActiveCfg = Debug|Any CPU
		{C38DB600-5D95-4990-A941-09EB0499D72B}.Debug|Any CPU.Build.0 = Debug|Any CPU
		{C38DB600-5D95-4990-A941-09EB0499D72B}.Release|Any CPU.ActiveCfg = Release|Any CPU
		{C38DB600-5D95-4990-A941-09EB0499D72B}.Release|Any CPU.Build.0 = Release|Any CPU
		{55DB795A-31FC-4026-9388-78B8EE6B051D}.Debug|Any CPU.ActiveCfg = Debug|Any CPU
		{55DB795A-31FC-4026-9388-78B8EE6B051D}.Debug|Any CPU.Build.0 = Debug|Any CPU
		{55DB795A-31FC-4026-9388-78B8EE6B051D}.Release|Any CPU.ActiveCfg = Release|Any CPU
		{55DB795A-31FC-4026-9388-78B8EE6B051D}.Release|Any CPU.Build.0 = Release|Any CPU
		{4F993DEC-3AB0-4D6D-A595-CFDF73B9ED89}.Debug|Any CPU.ActiveCfg = Debug|Any CPU
		{4F993DEC-3AB0-4D6D-A595-CFDF73B9ED89}.Debug|Any CPU.Build.0 = Debug|Any CPU
		{4F993DEC-3AB0-4D6D-A595-CFDF73B9ED89}.Release|Any CPU.ActiveCfg = Release|Any CPU
		{4F993DEC-3AB0-4D6D-A595-CFDF73B9ED89}.Release|Any CPU.Build.0 = Release|Any CPU
		{FEED5085-BF2A-4125-ADF1-787419C36426}.Debug|Any CPU.ActiveCfg = Debug|Any CPU
		{FEED5085-BF2A-4125-ADF1-787419C36426}.Debug|Any CPU.Build.0 = Debug|Any CPU
		{FEED5085-BF2A-4125-ADF1-787419C36426}.Release|Any CPU.ActiveCfg = Release|Any CPU
		{FEED5085-BF2A-4125-ADF1-787419C36426}.Release|Any CPU.Build.0 = Release|Any CPU
	EndGlobalSection
	GlobalSection(SolutionProperties) = preSolution
		HideSolutionNode = FALSE
	EndGlobalSection
	GlobalSection(ExtensibilityGlobals) = postSolution
		SolutionGuid = {313DA603-E2A3-4FD6-A1B6-89624C05E7A2}
	EndGlobalSection
EndGlobal
