
Microsoft Visual Studio Solution File, Format Version 12.00
# Visual Studio Version 17
VisualStudioVersion = 17.9.34728.123
MinimumVisualStudioVersion = 10.0.40219.1
Project("{FAE04EC0-301F-11D3-BF4B-00C04F79EFBC}") = "task1", "task1\task1.csproj", "{0847D511-326A-4D9F-BE5E-55BDF9E6BF4B}"
EndProject
Project("{FAE04EC0-301F-11D3-BF4B-00C04F79EFBC}") = "task2", "task2\task2.csproj", "{E883A981-4B88-4992-BB3B-31F1EC948531}"
EndProject
Project("{FAE04EC0-301F-11D3-BF4B-00C04F79EFBC}") = "task3", "task3\task3.csproj", "{EBFA8BFE-3DF0-458A-BC7E-C7A5D7035559}"
EndProject
Project("{FAE04EC0-301F-11D3-BF4B-00C04F79EFBC}") = "task4", "task4\task4.csproj", "{9B89A072-3593-4A5B-87D6-99FB86F3BE3A}"
EndProject
Project("{FAE04EC0-301F-11D3-BF4B-00C04F79EFBC}") = "task5", "task5\task5.csproj", "{8508BF17-3560-4894-83CE-2AD9C982D49A}"
EndProject
Project("{FAE04EC0-301F-11D3-BF4B-00C04F79EFBC}") = "task6", "task6\task6.csproj", "{6264429B-6C57-4CD3-B407-2364F354C88E}"
EndProject
Project("{FAE04EC0-301F-11D3-BF4B-00C04F79EFBC}") = "task7", "task7\task7.csproj", "{710ECAA8-5F3F-4F2E-94B4-6F6824A4EE06}"
EndProject
Project("{FAE04EC0-301F-11D3-BF4B-00C04F79EFBC}") = "task8", "task8\task8.csproj", "{4CC40F09-CF8C-4B77-AB9B-BB90B0DE5200}"
EndProject
Project("{FAE04EC0-301F-11D3-BF4B-00C04F79EFBC}") = "task9", "task9\task9.csproj", "{2A07B1C7-87D2-4C26-B0DF-8B1509D80E71}"
EndProject
Project("{FAE04EC0-301F-11D3-BF4B-00C04F79EFBC}") = "task10", "task10\task10.csproj", "{CDA1AF69-87DB-4BA6-8C66-EFE6C1601A16}"
EndProject
Project("{FAE04EC0-301F-11D3-BF4B-00C04F79EFBC}") = "task11", "task11\task11.csproj", "{432DE109-7658-458F-89A2-7E8A58CA34B5}"
EndProject
Project("{FAE04EC0-301F-11D3-BF4B-00C04F79EFBC}") = "task12", "task12\task12.csproj", "{653EF7A0-CDB3-4C7B-B9D8-9EE485857CAA}"
EndProject
Project("{FAE04EC0-301F-11D3-BF4B-00C04F79EFBC}") = "task13", "task13\task13.csproj", "{F2AF3F37-14C2-4CBB-AD15-394907F7C831}"
EndProject
Project("{FAE04EC0-301F-11D3-BF4B-00C04F79EFBC}") = "task14", "task14\task14.csproj", "{2299FD04-08AD-42AF-873E-55F82CAD7813}"
EndProject
Project("{FAE04EC0-301F-11D3-BF4B-00C04F79EFBC}") = "task15", "task15\task15.csproj", "{320E8CBF-AD35-49D1-8487-849A65213E48}"
EndProject
Global
	GlobalSection(SolutionConfigurationPlatforms) = preSolution
		Debug|Any CPU = Debug|Any CPU
		Release|Any CPU = Release|Any CPU
	EndGlobalSection
	GlobalSection(ProjectConfigurationPlatforms) = postSolution
		{0847D511-326A-4D9F-BE5E-55BDF9E6BF4B}.Debug|Any CPU.ActiveCfg = Debug|Any CPU
		{0847D511-326A-4D9F-BE5E-55BDF9E6BF4B}.Debug|Any CPU.Build.0 = Debug|Any CPU
		{0847D511-326A-4D9F-BE5E-55BDF9E6BF4B}.Release|Any CPU.ActiveCfg = Release|Any CPU
		{0847D511-326A-4D9F-BE5E-55BDF9E6BF4B}.Release|Any CPU.Build.0 = Release|Any CPU
		{E883A981-4B88-4992-BB3B-31F1EC948531}.Debug|Any CPU.ActiveCfg = Debug|Any CPU
		{E883A981-4B88-4992-BB3B-31F1EC948531}.Debug|Any CPU.Build.0 = Debug|Any CPU
		{E883A981-4B88-4992-BB3B-31F1EC948531}.Release|Any CPU.ActiveCfg = Release|Any CPU
		{E883A981-4B88-4992-BB3B-31F1EC948531}.Release|Any CPU.Build.0 = Release|Any CPU
		{EBFA8BFE-3DF0-458A-BC7E-C7A5D7035559}.Debug|Any CPU.ActiveCfg = Debug|Any CPU
		{EBFA8BFE-3DF0-458A-BC7E-C7A5D7035559}.Debug|Any CPU.Build.0 = Debug|Any CPU
		{EBFA8BFE-3DF0-458A-BC7E-C7A5D7035559}.Release|Any CPU.ActiveCfg = Release|Any CPU
		{EBFA8BFE-3DF0-458A-BC7E-C7A5D7035559}.Release|Any CPU.Build.0 = Release|Any CPU
		{9B89A072-3593-4A5B-87D6-99FB86F3BE3A}.Debug|Any CPU.ActiveCfg = Debug|Any CPU
		{9B89A072-3593-4A5B-87D6-99FB86F3BE3A}.Debug|Any CPU.Build.0 = Debug|Any CPU
		{9B89A072-3593-4A5B-87D6-99FB86F3BE3A}.Release|Any CPU.ActiveCfg = Release|Any CPU
		{9B89A072-3593-4A5B-87D6-99FB86F3BE3A}.Release|Any CPU.Build.0 = Release|Any CPU
		{8508BF17-3560-4894-83CE-2AD9C982D49A}.Debug|Any CPU.ActiveCfg = Debug|Any CPU
		{8508BF17-3560-4894-83CE-2AD9C982D49A}.Debug|Any CPU.Build.0 = Debug|Any CPU
		{8508BF17-3560-4894-83CE-2AD9C982D49A}.Release|Any CPU.ActiveCfg = Release|Any CPU
		{8508BF17-3560-4894-83CE-2AD9C982D49A}.Release|Any CPU.Build.0 = Release|Any CPU
		{6264429B-6C57-4CD3-B407-2364F354C88E}.Debug|Any CPU.ActiveCfg = Debug|Any CPU
		{6264429B-6C57-4CD3-B407-2364F354C88E}.Debug|Any CPU.Build.0 = Debug|Any CPU
		{6264429B-6C57-4CD3-B407-2364F354C88E}.Release|Any CPU.ActiveCfg = Release|Any CPU
		{6264429B-6C57-4CD3-B407-2364F354C88E}.Release|Any CPU.Build.0 = Release|Any CPU
		{710ECAA8-5F3F-4F2E-94B4-6F6824A4EE06}.Debug|Any CPU.ActiveCfg = Debug|Any CPU
		{710ECAA8-5F3F-4F2E-94B4-6F6824A4EE06}.Debug|Any CPU.Build.0 = Debug|Any CPU
		{710ECAA8-5F3F-4F2E-94B4-6F6824A4EE06}.Release|Any CPU.ActiveCfg = Release|Any CPU
		{710ECAA8-5F3F-4F2E-94B4-6F6824A4EE06}.Release|Any CPU.Build.0 = Release|Any CPU
		{4CC40F09-CF8C-4B77-AB9B-BB90B0DE5200}.Debug|Any CPU.ActiveCfg = Debug|Any CPU
		{4CC40F09-CF8C-4B77-AB9B-BB90B0DE5200}.Debug|Any CPU.Build.0 = Debug|Any CPU
		{4CC40F09-CF8C-4B77-AB9B-BB90B0DE5200}.Release|Any CPU.ActiveCfg = Release|Any CPU
		{4CC40F09-CF8C-4B77-AB9B-BB90B0DE5200}.Release|Any CPU.Build.0 = Release|Any CPU
		{2A07B1C7-87D2-4C26-B0DF-8B1509D80E71}.Debug|Any CPU.ActiveCfg = Debug|Any CPU
		{2A07B1C7-87D2-4C26-B0DF-8B1509D80E71}.Debug|Any CPU.Build.0 = Debug|Any CPU
		{2A07B1C7-87D2-4C26-B0DF-8B1509D80E71}.Release|Any CPU.ActiveCfg = Release|Any CPU
		{2A07B1C7-87D2-4C26-B0DF-8B1509D80E71}.Release|Any CPU.Build.0 = Release|Any CPU
		{CDA1AF69-87DB-4BA6-8C66-EFE6C1601A16}.Debug|Any CPU.ActiveCfg = Debug|Any CPU
		{CDA1AF69-87DB-4BA6-8C66-EFE6C1601A16}.Debug|Any CPU.Build.0 = Debug|Any CPU
		{CDA1AF69-87DB-4BA6-8C66-EFE6C1601A16}.Release|Any CPU.ActiveCfg = Release|Any CPU
		{CDA1AF69-87DB-4BA6-8C66-EFE6C1601A16}.Release|Any CPU.Build.0 = Release|Any CPU
		{432DE109-7658-458F-89A2-7E8A58CA34B5}.Debug|Any CPU.ActiveCfg = Debug|Any CPU
		{432DE109-7658-458F-89A2-7E8A58CA34B5}.Debug|Any CPU.Build.0 = Debug|Any CPU
		{432DE109-7658-458F-89A2-7E8A58CA34B5}.Release|Any CPU.ActiveCfg = Release|Any CPU
		{432DE109-7658-458F-89A2-7E8A58CA34B5}.Release|Any CPU.Build.0 = Release|Any CPU
		{653EF7A0-CDB3-4C7B-B9D8-9EE485857CAA}.Debug|Any CPU.ActiveCfg = Debug|Any CPU
		{653EF7A0-CDB3-4C7B-B9D8-9EE485857CAA}.Debug|Any CPU.Build.0 = Debug|Any CPU
		{653EF7A0-CDB3-4C7B-B9D8-9EE485857CAA}.Release|Any CPU.ActiveCfg = Release|Any CPU
		{653EF7A0-CDB3-4C7B-B9D8-9EE485857CAA}.Release|Any CPU.Build.0 = Release|Any CPU
		{F2AF3F37-14C2-4CBB-AD15-394907F7C831}.Debug|Any CPU.ActiveCfg = Debug|Any CPU
		{F2AF3F37-14C2-4CBB-AD15-394907F7C831}.Debug|Any CPU.Build.0 = Debug|Any CPU
		{F2AF3F37-14C2-4CBB-AD15-394907F7C831}.Release|Any CPU.ActiveCfg = Release|Any CPU
		{F2AF3F37-14C2-4CBB-AD15-394907F7C831}.Release|Any CPU.Build.0 = Release|Any CPU
		{2299FD04-08AD-42AF-873E-55F82CAD7813}.Debug|Any CPU.ActiveCfg = Debug|Any CPU
		{2299FD04-08AD-42AF-873E-55F82CAD7813}.Debug|Any CPU.Build.0 = Debug|Any CPU
		{2299FD04-08AD-42AF-873E-55F82CAD7813}.Release|Any CPU.ActiveCfg = Release|Any CPU
		{2299FD04-08AD-42AF-873E-55F82CAD7813}.Release|Any CPU.Build.0 = Release|Any CPU
		{320E8CBF-AD35-49D1-8487-849A65213E48}.Debug|Any CPU.ActiveCfg = Debug|Any CPU
		{320E8CBF-AD35-49D1-8487-849A65213E48}.Debug|Any CPU.Build.0 = Debug|Any CPU
		{320E8CBF-AD35-49D1-8487-849A65213E48}.Release|Any CPU.ActiveCfg = Release|Any CPU
		{320E8CBF-AD35-49D1-8487-849A65213E48}.Release|Any CPU.Build.0 = Release|Any CPU
	EndGlobalSection
	GlobalSection(SolutionProperties) = preSolution
		HideSolutionNode = FALSE
	EndGlobalSection
	GlobalSection(ExtensibilityGlobals) = postSolution
		SolutionGuid = {B2EEF753-72BF-44B6-B87C-F7F0A848C71C}
	EndGlobalSection
EndGlobal
