
Microsoft Visual Studio Solution File, Format Version 12.00
# Visual Studio Version 17
VisualStudioVersion = 17.7.34031.279
MinimumVisualStudioVersion = 10.0.40219.1
Project("{FAE04EC0-301F-11D3-BF4B-00C04F79EFBC}") = "task1", "task1\task1.csproj", "{32B0A7AC-EBC2-4F6F-BFDD-6B4DC4698C67}"
EndProject
Global
	GlobalSection(SolutionConfigurationPlatforms) = preSolution
		Debug|Any CPU = Debug|Any CPU
		Release|Any CPU = Release|Any CPU
	EndGlobalSection
	GlobalSection(ProjectConfigurationPlatforms) = postSolution
		{32B0A7AC-EBC2-4F6F-BFDD-6B4DC4698C67}.Debug|Any CPU.ActiveCfg = Debug|Any CPU
		{32B0A7AC-EBC2-4F6F-BFDD-6B4DC4698C67}.Debug|Any CPU.Build.0 = Debug|Any CPU
		{32B0A7AC-EBC2-4F6F-BFDD-6B4DC4698C67}.Release|Any CPU.ActiveCfg = Release|Any CPU
		{32B0A7AC-EBC2-4F6F-BFDD-6B4DC4698C67}.Release|Any CPU.Build.0 = Release|Any CPU
	EndGlobalSection
	GlobalSection(SolutionProperties) = preSolution
		HideSolutionNode = FALSE
	EndGlobalSection
	GlobalSection(ExtensibilityGlobals) = postSolution
		SolutionGuid = {A1647DEC-72DF-4CF4-A4D8-2ECA9E473336}
	EndGlobalSection
EndGlobal
