
Microsoft Visual Studio Solution File, Format Version 12.00
# Visual Studio Version 17
VisualStudioVersion = 17.9.34728.123
MinimumVisualStudioVersion = 10.0.40219.1
Project("{9A19103F-16F7-4668-BE54-9A1E7A4F7556}") = "task1", "task1\task1.csproj", "{FE9A5A88-D5F0-4B12-929D-6AE3FA0B5E8B}"
EndProject
Project("{9A19103F-16F7-4668-BE54-9A1E7A4F7556}") = "WinFormsApp2", "WinFormsApp2\WinFormsApp2.csproj", "{18A1F246-1B5D-4CB7-B93C-14D16A4F9518}"
EndProject
Project("{9A19103F-16F7-4668-BE54-9A1E7A4F7556}") = "task3", "task3\task3.csproj", "{DCAAFB5E-BA84-4AF8-AB95-616FEBA9F1FA}"
EndProject
Project("{FAE04EC0-301F-11D3-BF4B-00C04F79EFBC}") = "task5", "task5\task5.csproj", "{2644BD9D-38F8-42F1-842C-3C11BD687D7C}"
EndProject
Project("{FAE04EC0-301F-11D3-BF4B-00C04F79EFBC}") = "task6", "task6\task6.csproj", "{18E228E6-CAB4-4876-877C-784B625398E6}"
EndProject
Project("{FAE04EC0-301F-11D3-BF4B-00C04F79EFBC}") = "task7", "task7\task7.csproj", "{A8456D92-FDE9-47CE-B7F7-FB348E5137A7}"
EndProject
Project("{FAE04EC0-301F-11D3-BF4B-00C04F79EFBC}") = "task8", "task8\task8.csproj", "{C7D50ABA-1675-4C15-A892-30D687E8058E}"
EndProject
Project("{FAE04EC0-301F-11D3-BF4B-00C04F79EFBC}") = "task9", "task9\task9.csproj", "{5D0FC4BA-CFAA-479A-9511-601F9E86CA1A}"
EndProject
Project("{FAE04EC0-301F-11D3-BF4B-00C04F79EFBC}") = "task2", "task2\task2.csproj", "{F962EF71-CA11-416A-B757-EC752139BBBA}"
EndProject
Global
	GlobalSection(SolutionConfigurationPlatforms) = preSolution
		Debug|Any CPU = Debug|Any CPU
		Release|Any CPU = Release|Any CPU
	EndGlobalSection
	GlobalSection(ProjectConfigurationPlatforms) = postSolution
		{FE9A5A88-D5F0-4B12-929D-6AE3FA0B5E8B}.Debug|Any CPU.ActiveCfg = Debug|Any CPU
		{FE9A5A88-D5F0-4B12-929D-6AE3FA0B5E8B}.Debug|Any CPU.Build.0 = Debug|Any CPU
		{FE9A5A88-D5F0-4B12-929D-6AE3FA0B5E8B}.Release|Any CPU.ActiveCfg = Release|Any CPU
		{FE9A5A88-D5F0-4B12-929D-6AE3FA0B5E8B}.Release|Any CPU.Build.0 = Release|Any CPU
		{18A1F246-1B5D-4CB7-B93C-14D16A4F9518}.Debug|Any CPU.ActiveCfg = Debug|Any CPU
		{18A1F246-1B5D-4CB7-B93C-14D16A4F9518}.Debug|Any CPU.Build.0 = Debug|Any CPU
		{18A1F246-1B5D-4CB7-B93C-14D16A4F9518}.Release|Any CPU.ActiveCfg = Release|Any CPU
		{18A1F246-1B5D-4CB7-B93C-14D16A4F9518}.Release|Any CPU.Build.0 = Release|Any CPU
		{DCAAFB5E-BA84-4AF8-AB95-616FEBA9F1FA}.Debug|Any CPU.ActiveCfg = Debug|Any CPU
		{DCAAFB5E-BA84-4AF8-AB95-616FEBA9F1FA}.Debug|Any CPU.Build.0 = Debug|Any CPU
		{DCAAFB5E-BA84-4AF8-AB95-616FEBA9F1FA}.Release|Any CPU.ActiveCfg = Release|Any CPU
		{DCAAFB5E-BA84-4AF8-AB95-616FEBA9F1FA}.Release|Any CPU.Build.0 = Release|Any CPU
		{2644BD9D-38F8-42F1-842C-3C11BD687D7C}.Debug|Any CPU.ActiveCfg = Debug|Any CPU
		{2644BD9D-38F8-42F1-842C-3C11BD687D7C}.Debug|Any CPU.Build.0 = Debug|Any CPU
		{2644BD9D-38F8-42F1-842C-3C11BD687D7C}.Release|Any CPU.ActiveCfg = Release|Any CPU
		{2644BD9D-38F8-42F1-842C-3C11BD687D7C}.Release|Any CPU.Build.0 = Release|Any CPU
		{18E228E6-CAB4-4876-877C-784B625398E6}.Debug|Any CPU.ActiveCfg = Debug|Any CPU
		{18E228E6-CAB4-4876-877C-784B625398E6}.Debug|Any CPU.Build.0 = Debug|Any CPU
		{18E228E6-CAB4-4876-877C-784B625398E6}.Release|Any CPU.ActiveCfg = Release|Any CPU
		{18E228E6-CAB4-4876-877C-784B625398E6}.Release|Any CPU.Build.0 = Release|Any CPU
		{A8456D92-FDE9-47CE-B7F7-FB348E5137A7}.Debug|Any CPU.ActiveCfg = Debug|Any CPU
		{A8456D92-FDE9-47CE-B7F7-FB348E5137A7}.Debug|Any CPU.Build.0 = Debug|Any CPU
		{A8456D92-FDE9-47CE-B7F7-FB348E5137A7}.Release|Any CPU.ActiveCfg = Release|Any CPU
		{A8456D92-FDE9-47CE-B7F7-FB348E5137A7}.Release|Any CPU.Build.0 = Release|Any CPU
		{C7D50ABA-1675-4C15-A892-30D687E8058E}.Debug|Any CPU.ActiveCfg = Debug|Any CPU
		{C7D50ABA-1675-4C15-A892-30D687E8058E}.Debug|Any CPU.Build.0 = Debug|Any CPU
		{C7D50ABA-1675-4C15-A892-30D687E8058E}.Release|Any CPU.ActiveCfg = Release|Any CPU
		{C7D50ABA-1675-4C15-A892-30D687E8058E}.Release|Any CPU.Build.0 = Release|Any CPU
		{5D0FC4BA-CFAA-479A-9511-601F9E86CA1A}.Debug|Any CPU.ActiveCfg = Debug|Any CPU
		{5D0FC4BA-CFAA-479A-9511-601F9E86CA1A}.Debug|Any CPU.Build.0 = Debug|Any CPU
		{5D0FC4BA-CFAA-479A-9511-601F9E86CA1A}.Release|Any CPU.ActiveCfg = Release|Any CPU
		{5D0FC4BA-CFAA-479A-9511-601F9E86CA1A}.Release|Any CPU.Build.0 = Release|Any CPU
		{F962EF71-CA11-416A-B757-EC752139BBBA}.Debug|Any CPU.ActiveCfg = Debug|Any CPU
		{F962EF71-CA11-416A-B757-EC752139BBBA}.Debug|Any CPU.Build.0 = Debug|Any CPU
		{F962EF71-CA11-416A-B757-EC752139BBBA}.Release|Any CPU.ActiveCfg = Release|Any CPU
		{F962EF71-CA11-416A-B757-EC752139BBBA}.Release|Any CPU.Build.0 = Release|Any CPU
	EndGlobalSection
	GlobalSection(SolutionProperties) = preSolution
		HideSolutionNode = FALSE
	EndGlobalSection
	GlobalSection(ExtensibilityGlobals) = postSolution
		SolutionGuid = {2794A1CB-C077-4452-8502-B9C5592664D3}
	EndGlobalSection
EndGlobal
