
Microsoft Visual Studio Solution File, Format Version 12.00
# Visual Studio Version 17
VisualStudioVersion = 17.9.34728.123
MinimumVisualStudioVersion = 10.0.40219.1
Project("{9A19103F-16F7-4668-BE54-9A1E7A4F7556}") = "task1", "task1\task1.csproj", "{FE9A5A88-D5F0-4B12-929D-6AE3FA0B5E8B}"
EndProject
Project("{9A19103F-16F7-4668-BE54-9A1E7A4F7556}") = "WinFormsApp2", "WinFormsApp2\WinFormsApp2.csproj", "{18A1F246-1B5D-4CB7-B93C-14D16A4F9518}"
EndProject
Project("{FAE04EC0-301F-11D3-BF4B-00C04F79EFBC}") = "task3", "task3\task3.csproj", "{DCAAFB5E-BA84-4AF8-AB95-616FEBA9F1FA}"
EndProject
Global
	GlobalSection(SolutionConfigurationPlatforms) = preSolution
		Debug|Any CPU = Debug|Any CPU
		Release|Any CPU = Release|Any CPU
	EndGlobalSection
	GlobalSection(ProjectConfigurationPlatforms) = postSolution
		{FE9A5A88-D5F0-4B12-929D-6AE3FA0B5E8B}.Debug|Any CPU.ActiveCfg = Debug|Any CPU
		{FE9A5A88-D5F0-4B12-929D-6AE3FA0B5E8B}.Debug|Any CPU.Build.0 = Debug|Any CPU
		{FE9A5A88-D5F0-4B12-929D-6AE3FA0B5E8B}.Release|Any CPU.ActiveCfg = Release|Any CPU
		{FE9A5A88-D5F0-4B12-929D-6AE3FA0B5E8B}.Release|Any CPU.Build.0 = Release|Any CPU
		{18A1F246-1B5D-4CB7-B93C-14D16A4F9518}.Debug|Any CPU.ActiveCfg = Debug|Any CPU
		{18A1F246-1B5D-4CB7-B93C-14D16A4F9518}.Debug|Any CPU.Build.0 = Debug|Any CPU
		{18A1F246-1B5D-4CB7-B93C-14D16A4F9518}.Release|Any CPU.ActiveCfg = Release|Any CPU
		{18A1F246-1B5D-4CB7-B93C-14D16A4F9518}.Release|Any CPU.Build.0 = Release|Any CPU
		{DCAAFB5E-BA84-4AF8-AB95-616FEBA9F1FA}.Debug|Any CPU.ActiveCfg = Debug|Any CPU
		{DCAAFB5E-BA84-4AF8-AB95-616FEBA9F1FA}.Debug|Any CPU.Build.0 = Debug|Any CPU
		{DCAAFB5E-BA84-4AF8-AB95-616FEBA9F1FA}.Release|Any CPU.ActiveCfg = Release|Any CPU
		{DCAAFB5E-BA84-4AF8-AB95-616FEBA9F1FA}.Release|Any CPU.Build.0 = Release|Any CPU
	EndGlobalSection
	GlobalSection(SolutionProperties) = preSolution
		HideSolutionNode = FALSE
	EndGlobalSection
	GlobalSection(ExtensibilityGlobals) = postSolution
		SolutionGuid = {2794A1CB-C077-4452-8502-B9C5592664D3}
	EndGlobalSection
EndGlobal
